// !$*UTF8*$!
{
	archiveVersion = 1;
	classes = {
	};
	objectVersion = 48;
	objects = {

/* Begin PBXBuildFile section */
		8C265146201391D100D1A0A6 /* FancyButton.swift in Sources */ = {isa = PBXBuildFile; fileRef = 8C265145201391D100D1A0A6 /* FancyButton.swift */; };
		8C6B56CE2015E87E0069FD40 /* Bolts.framework in Frameworks */ = {isa = PBXBuildFile; fileRef = 8C6B56CB2015E87C0069FD40 /* Bolts.framework */; };
		8C6B56CF2015E87E0069FD40 /* FBSDKCoreKit.framework in Frameworks */ = {isa = PBXBuildFile; fileRef = 8C6B56CC2015E87E0069FD40 /* FBSDKCoreKit.framework */; };
		8C6B56D02015E87E0069FD40 /* FBSDKLoginKit.framework in Frameworks */ = {isa = PBXBuildFile; fileRef = 8C6B56CD2015E87E0069FD40 /* FBSDKLoginKit.framework */; };
		8CE513672011B97200222FF8 /* AppDelegate.swift in Sources */ = {isa = PBXBuildFile; fileRef = 8CE513662011B97200222FF8 /* AppDelegate.swift */; };
		8CE513692011B97200222FF8 /* SignInVC.swift in Sources */ = {isa = PBXBuildFile; fileRef = 8CE513682011B97200222FF8 /* SignInVC.swift */; };
		8CE5136C2011B97200222FF8 /* Main.storyboard in Resources */ = {isa = PBXBuildFile; fileRef = 8CE5136A2011B97200222FF8 /* Main.storyboard */; };
		8CE5136E2011B97200222FF8 /* Assets.xcassets in Resources */ = {isa = PBXBuildFile; fileRef = 8CE5136D2011B97200222FF8 /* Assets.xcassets */; };
		8CE513712011B97200222FF8 /* LaunchScreen.storyboard in Resources */ = {isa = PBXBuildFile; fileRef = 8CE5136F2011B97200222FF8 /* LaunchScreen.storyboard */; };
		8CE513792011BA0200222FF8 /* GoogleService-Info.plist in Resources */ = {isa = PBXBuildFile; fileRef = 8CE513782011BA0100222FF8 /* GoogleService-Info.plist */; };
		8CE5137E2011DB3C00222FF8 /* donnasamuel-Logo 900x360.png in Resources */ = {isa = PBXBuildFile; fileRef = 8CE5137D2011DB3C00222FF8 /* donnasamuel-Logo 900x360.png */; };
		8CE513802011F71F00222FF8 /* FancyView.swift in Sources */ = {isa = PBXBuildFile; fileRef = 8CE5137F2011F71F00222FF8 /* FancyView.swift */; };
		8CE513832011F9EE00222FF8 /* Constants.swift in Sources */ = {isa = PBXBuildFile; fileRef = 8CE513822011F9EE00222FF8 /* Constants.swift */; };
		8CE513852011FDAB00222FF8 /* RoundBtn.swift in Sources */ = {isa = PBXBuildFile; fileRef = 8CE513842011FDAB00222FF8 /* RoundBtn.swift */; };
		8CE5138720120C0700222FF8 /* FancyField.swift in Sources */ = {isa = PBXBuildFile; fileRef = 8CE5138620120C0700222FF8 /* FancyField.swift */; };
		993C0CB670B4CDB019E484E4 /* Pods_socialNetwork.framework in Frameworks */ = {isa = PBXBuildFile; fileRef = F0639E76BC50EA27C903B557 /* Pods_socialNetwork.framework */; };
/* End PBXBuildFile section */

/* Begin PBXFileReference section */
		8C265145201391D100D1A0A6 /* FancyButton.swift */ = {isa = PBXFileReference; lastKnownFileType = sourcecode.swift; path = FancyButton.swift; sourceTree = "<group>"; };
		8C6B56CB2015E87C0069FD40 /* Bolts.framework */ = {isa = PBXFileReference; lastKnownFileType = wrapper.framework; path = Bolts.framework; sourceTree = "<group>"; };
		8C6B56CC2015E87E0069FD40 /* FBSDKCoreKit.framework */ = {isa = PBXFileReference; lastKnownFileType = wrapper.framework; path = FBSDKCoreKit.framework; sourceTree = "<group>"; };
		8C6B56CD2015E87E0069FD40 /* FBSDKLoginKit.framework */ = {isa = PBXFileReference; lastKnownFileType = wrapper.framework; path = FBSDKLoginKit.framework; sourceTree = "<group>"; };
		8C6EE19AC399731DA492CBA2 /* Pods-socialNetwork.debug.xcconfig */ = {isa = PBXFileReference; includeInIndex = 1; lastKnownFileType = text.xcconfig; name = "Pods-socialNetwork.debug.xcconfig"; path = "Pods/Target Support Files/Pods-socialNetwork/Pods-socialNetwork.debug.xcconfig"; sourceTree = "<group>"; };
		8CE513632011B97200222FF8 /* socialNetwork.app */ = {isa = PBXFileReference; explicitFileType = wrapper.application; includeInIndex = 0; path = socialNetwork.app; sourceTree = BUILT_PRODUCTS_DIR; };
		8CE513662011B97200222FF8 /* AppDelegate.swift */ = {isa = PBXFileReference; lastKnownFileType = sourcecode.swift; path = AppDelegate.swift; sourceTree = "<group>"; };
		8CE513682011B97200222FF8 /* SignInVC.swift */ = {isa = PBXFileReference; lastKnownFileType = sourcecode.swift; path = SignInVC.swift; sourceTree = "<group>"; };
		8CE5136B2011B97200222FF8 /* Base */ = {isa = PBXFileReference; lastKnownFileType = file.storyboard; name = Base; path = Base.lproj/Main.storyboard; sourceTree = "<group>"; };
		8CE5136D2011B97200222FF8 /* Assets.xcassets */ = {isa = PBXFileReference; lastKnownFileType = folder.assetcatalog; path = Assets.xcassets; sourceTree = "<group>"; };
		8CE513702011B97200222FF8 /* Base */ = {isa = PBXFileReference; lastKnownFileType = file.storyboard; name = Base; path = Base.lproj/LaunchScreen.storyboard; sourceTree = "<group>"; };
		8CE513722011B97200222FF8 /* Info.plist */ = {isa = PBXFileReference; lastKnownFileType = text.plist.xml; path = Info.plist; sourceTree = "<group>"; };
		8CE513782011BA0100222FF8 /* GoogleService-Info.plist */ = {isa = PBXFileReference; fileEncoding = 4; lastKnownFileType = text.plist.xml; path = "GoogleService-Info.plist"; sourceTree = "<group>"; };
		8CE5137D2011DB3C00222FF8 /* donnasamuel-Logo 900x360.png */ = {isa = PBXFileReference; lastKnownFileType = image.png; path = "donnasamuel-Logo 900x360.png"; sourceTree = "<group>"; };
		8CE5137F2011F71F00222FF8 /* FancyView.swift */ = {isa = PBXFileReference; lastKnownFileType = sourcecode.swift; path = FancyView.swift; sourceTree = "<group>"; };
		8CE513822011F9EE00222FF8 /* Constants.swift */ = {isa = PBXFileReference; lastKnownFileType = sourcecode.swift; path = Constants.swift; sourceTree = "<group>"; };
		8CE513842011FDAB00222FF8 /* RoundBtn.swift */ = {isa = PBXFileReference; lastKnownFileType = sourcecode.swift; path = RoundBtn.swift; sourceTree = "<group>"; };
		8CE5138620120C0700222FF8 /* FancyField.swift */ = {isa = PBXFileReference; lastKnownFileType = sourcecode.swift; path = FancyField.swift; sourceTree = "<group>"; };
		96FADEE31601AF0CAE1DF909 /* Pods-socialNetwork.release.xcconfig */ = {isa = PBXFileReference; includeInIndex = 1; lastKnownFileType = text.xcconfig; name = "Pods-socialNetwork.release.xcconfig"; path = "Pods/Target Support Files/Pods-socialNetwork/Pods-socialNetwork.release.xcconfig"; sourceTree = "<group>"; };
		F0639E76BC50EA27C903B557 /* Pods_socialNetwork.framework */ = {isa = PBXFileReference; explicitFileType = wrapper.framework; includeInIndex = 0; path = Pods_socialNetwork.framework; sourceTree = BUILT_PRODUCTS_DIR; };
/* End PBXFileReference section */

/* Begin PBXFrameworksBuildPhase section */
		8CE513602011B97200222FF8 /* Frameworks */ = {
			isa = PBXFrameworksBuildPhase;
			buildActionMask = 2147483647;
			files = (
				993C0CB670B4CDB019E484E4 /* Pods_socialNetwork.framework in Frameworks */,
				8C6B56CF2015E87E0069FD40 /* FBSDKCoreKit.framework in Frameworks */,
				8C6B56D02015E87E0069FD40 /* FBSDKLoginKit.framework in Frameworks */,
				8C6B56CE2015E87E0069FD40 /* Bolts.framework in Frameworks */,
			);
			runOnlyForDeploymentPostprocessing = 0;
		};
/* End PBXFrameworksBuildPhase section */

/* Begin PBXGroup section */
		8CE5135A2011B97200222FF8 = {
			isa = PBXGroup;
			children = (
				8CE513652011B97200222FF8 /* socialNetwork */,
				8CE513642011B97200222FF8 /* Products */,
				D981508B570560E1A657D776 /* Pods */,
				ACB3F430280B1298E09C66CF /* Frameworks */,
			);
			sourceTree = "<group>";
		};
		8CE513642011B97200222FF8 /* Products */ = {
			isa = PBXGroup;
			children = (
				8CE513632011B97200222FF8 /* socialNetwork.app */,
			);
			name = Products;
			sourceTree = "<group>";
		};
		8CE513652011B97200222FF8 /* socialNetwork */ = {
			isa = PBXGroup;
			children = (
				8CE513812011F9DC00222FF8 /* Util */,
				8CE5137A2011BFA100222FF8 /* Model */,
				8CE5137C2011BFB000222FF8 /* Controller */,
				8CE5137B2011BFA600222FF8 /* View */,
				8CE513782011BA0100222FF8 /* GoogleService-Info.plist */,
				8CE513662011B97200222FF8 /* AppDelegate.swift */,
				8CE5136A2011B97200222FF8 /* Main.storyboard */,
				8CE5136D2011B97200222FF8 /* Assets.xcassets */,
				8CE5137D2011DB3C00222FF8 /* donnasamuel-Logo 900x360.png */,
				8CE5136F2011B97200222FF8 /* LaunchScreen.storyboard */,
				8CE513722011B97200222FF8 /* Info.plist */,
			);
			path = socialNetwork;
			sourceTree = "<group>";
		};
		8CE5137A2011BFA100222FF8 /* Model */ = {
			isa = PBXGroup;
			children = (
			);
			path = Model;
			sourceTree = "<group>";
		};
		8CE5137B2011BFA600222FF8 /* View */ = {
			isa = PBXGroup;
			children = (
				8CE5137F2011F71F00222FF8 /* FancyView.swift */,
				8CE513842011FDAB00222FF8 /* RoundBtn.swift */,
				8CE5138620120C0700222FF8 /* FancyField.swift */,
				8C265145201391D100D1A0A6 /* FancyButton.swift */,
			);
			path = View;
			sourceTree = "<group>";
		};
		8CE5137C2011BFB000222FF8 /* Controller */ = {
			isa = PBXGroup;
			children = (
				8CE513682011B97200222FF8 /* SignInVC.swift */,
			);
			path = Controller;
			sourceTree = "<group>";
		};
		8CE513812011F9DC00222FF8 /* Util */ = {
			isa = PBXGroup;
			children = (
				8CE513822011F9EE00222FF8 /* Constants.swift */,
			);
			path = Util;
			sourceTree = "<group>";
		};
		ACB3F430280B1298E09C66CF /* Frameworks */ = {
			isa = PBXGroup;
			children = (
				8C6B56CB2015E87C0069FD40 /* Bolts.framework */,
				8C6B56CC2015E87E0069FD40 /* FBSDKCoreKit.framework */,
				8C6B56CD2015E87E0069FD40 /* FBSDKLoginKit.framework */,
				F0639E76BC50EA27C903B557 /* Pods_socialNetwork.framework */,
			);
			name = Frameworks;
			sourceTree = "<group>";
		};
		D981508B570560E1A657D776 /* Pods */ = {
			isa = PBXGroup;
			children = (
				8C6EE19AC399731DA492CBA2 /* Pods-socialNetwork.debug.xcconfig */,
				96FADEE31601AF0CAE1DF909 /* Pods-socialNetwork.release.xcconfig */,
			);
			name = Pods;
			sourceTree = "<group>";
		};
/* End PBXGroup section */

/* Begin PBXNativeTarget section */
		8CE513622011B97200222FF8 /* socialNetwork */ = {
			isa = PBXNativeTarget;
			buildConfigurationList = 8CE513752011B97300222FF8 /* Build configuration list for PBXNativeTarget "socialNetwork" */;
			buildPhases = (
				18CBB26201692C3618EE2F5B /* [CP] Check Pods Manifest.lock */,
				8CE5135F2011B97200222FF8 /* Sources */,
				8CE513602011B97200222FF8 /* Frameworks */,
				8CE513612011B97200222FF8 /* Resources */,
				FBCD88FCCF638DCFA1212441 /* [CP] Embed Pods Frameworks */,
				E2B42B5161F07F44C5F7BCDA /* [CP] Copy Pods Resources */,
			);
			buildRules = (
			);
			dependencies = (
			);
			name = socialNetwork;
			productName = socialNetwork;
			productReference = 8CE513632011B97200222FF8 /* socialNetwork.app */;
			productType = "com.apple.product-type.application";
		};
/* End PBXNativeTarget section */

/* Begin PBXProject section */
		8CE5135B2011B97200222FF8 /* Project object */ = {
			isa = PBXProject;
			attributes = {
				LastSwiftUpdateCheck = 0920;
				LastUpgradeCheck = 0920;
				ORGANIZATIONNAME = donnasamuel;
				TargetAttributes = {
					8CE513622011B97200222FF8 = {
						CreatedOnToolsVersion = 9.2;
						ProvisioningStyle = Automatic;
					};
				};
			};
			buildConfigurationList = 8CE5135E2011B97200222FF8 /* Build configuration list for PBXProject "socialNetwork" */;
			compatibilityVersion = "Xcode 8.0";
			developmentRegion = en;
			hasScannedForEncodings = 0;
			knownRegions = (
				en,
				Base,
			);
			mainGroup = 8CE5135A2011B97200222FF8;
			productRefGroup = 8CE513642011B97200222FF8 /* Products */;
			projectDirPath = "";
			projectRoot = "";
			targets = (
				8CE513622011B97200222FF8 /* socialNetwork */,
			);
		};
/* End PBXProject section */

/* Begin PBXResourcesBuildPhase section */
		8CE513612011B97200222FF8 /* Resources */ = {
			isa = PBXResourcesBuildPhase;
			buildActionMask = 2147483647;
			files = (
				8CE513712011B97200222FF8 /* LaunchScreen.storyboard in Resources */,
				8CE513792011BA0200222FF8 /* GoogleService-Info.plist in Resources */,
				8CE5136E2011B97200222FF8 /* Assets.xcassets in Resources */,
				8CE5136C2011B97200222FF8 /* Main.storyboard in Resources */,
				8CE5137E2011DB3C00222FF8 /* donnasamuel-Logo 900x360.png in Resources */,
			);
			runOnlyForDeploymentPostprocessing = 0;
		};
/* End PBXResourcesBuildPhase section */

/* Begin PBXShellScriptBuildPhase section */
		18CBB26201692C3618EE2F5B /* [CP] Check Pods Manifest.lock */ = {
			isa = PBXShellScriptBuildPhase;
			buildActionMask = 2147483647;
			files = (
			);
			inputPaths = (
			);
			name = "[CP] Check Pods Manifest.lock";
			outputPaths = (
			);
			runOnlyForDeploymentPostprocessing = 0;
			shellPath = /bin/sh;
			shellScript = "diff \"${PODS_ROOT}/../Podfile.lock\" \"${PODS_ROOT}/Manifest.lock\" > /dev/null\nif [ $? != 0 ] ; then\n    # print error to STDERR\n    echo \"error: The sandbox is not in sync with the Podfile.lock. Run 'pod install' or update your CocoaPods installation.\" >&2\n    exit 1\nfi\n";
			showEnvVarsInLog = 0;
		};
		E2B42B5161F07F44C5F7BCDA /* [CP] Copy Pods Resources */ = {
			isa = PBXShellScriptBuildPhase;
			buildActionMask = 2147483647;
			files = (
			);
			inputPaths = (
			);
			name = "[CP] Copy Pods Resources";
			outputPaths = (
			);
			runOnlyForDeploymentPostprocessing = 0;
			shellPath = /bin/sh;
			shellScript = "\"${SRCROOT}/Pods/Target Support Files/Pods-socialNetwork/Pods-socialNetwork-resources.sh\"\n";
			showEnvVarsInLog = 0;
		};
		FBCD88FCCF638DCFA1212441 /* [CP] Embed Pods Frameworks */ = {
			isa = PBXShellScriptBuildPhase;
			buildActionMask = 2147483647;
			files = (
			);
			inputPaths = (
			);
			name = "[CP] Embed Pods Frameworks";
			outputPaths = (
			);
			runOnlyForDeploymentPostprocessing = 0;
			shellPath = /bin/sh;
			shellScript = "\"${SRCROOT}/Pods/Target Support Files/Pods-socialNetwork/Pods-socialNetwork-frameworks.sh\"\n";
			showEnvVarsInLog = 0;
		};
/* End PBXShellScriptBuildPhase section */

/* Begin PBXSourcesBuildPhase section */
		8CE5135F2011B97200222FF8 /* Sources */ = {
			isa = PBXSourcesBuildPhase;
			buildActionMask = 2147483647;
			files = (
				8CE5138720120C0700222FF8 /* FancyField.swift in Sources */,
				8CE513692011B97200222FF8 /* SignInVC.swift in Sources */,
				8CE513852011FDAB00222FF8 /* RoundBtn.swift in Sources */,
				8C265146201391D100D1A0A6 /* FancyButton.swift in Sources */,
				8CE513672011B97200222FF8 /* AppDelegate.swift in Sources */,
				8CE513802011F71F00222FF8 /* FancyView.swift in Sources */,
				8CE513832011F9EE00222FF8 /* Constants.swift in Sources */,
			);
			runOnlyForDeploymentPostprocessing = 0;
		};
/* End PBXSourcesBuildPhase section */

/* Begin PBXVariantGroup section */
		8CE5136A2011B97200222FF8 /* Main.storyboard */ = {
			isa = PBXVariantGroup;
			children = (
				8CE5136B2011B97200222FF8 /* Base */,
			);
			name = Main.storyboard;
			sourceTree = "<group>";
		};
		8CE5136F2011B97200222FF8 /* LaunchScreen.storyboard */ = {
			isa = PBXVariantGroup;
			children = (
				8CE513702011B97200222FF8 /* Base */,
			);
			name = LaunchScreen.storyboard;
			sourceTree = "<group>";
		};
/* End PBXVariantGroup section */

/* Begin XCBuildConfiguration section */
		8CE513732011B97200222FF8 /* Debug */ = {
			isa = XCBuildConfiguration;
			buildSettings = {
				ALWAYS_SEARCH_USER_PATHS = NO;
				CLANG_ANALYZER_NONNULL = YES;
				CLANG_ANALYZER_NUMBER_OBJECT_CONVERSION = YES_AGGRESSIVE;
				CLANG_CXX_LANGUAGE_STANDARD = "gnu++14";
				CLANG_CXX_LIBRARY = "libc++";
				CLANG_ENABLE_MODULES = YES;
				CLANG_ENABLE_OBJC_ARC = YES;
				CLANG_WARN_BLOCK_CAPTURE_AUTORELEASING = YES;
				CLANG_WARN_BOOL_CONVERSION = YES;
				CLANG_WARN_COMMA = YES;
				CLANG_WARN_CONSTANT_CONVERSION = YES;
				CLANG_WARN_DIRECT_OBJC_ISA_USAGE = YES_ERROR;
				CLANG_WARN_DOCUMENTATION_COMMENTS = YES;
				CLANG_WARN_EMPTY_BODY = YES;
				CLANG_WARN_ENUM_CONVERSION = YES;
				CLANG_WARN_INFINITE_RECURSION = YES;
				CLANG_WARN_INT_CONVERSION = YES;
				CLANG_WARN_NON_LITERAL_NULL_CONVERSION = YES;
				CLANG_WARN_OBJC_LITERAL_CONVERSION = YES;
				CLANG_WARN_OBJC_ROOT_CLASS = YES_ERROR;
				CLANG_WARN_RANGE_LOOP_ANALYSIS = YES;
				CLANG_WARN_STRICT_PROTOTYPES = YES;
				CLANG_WARN_SUSPICIOUS_MOVE = YES;
				CLANG_WARN_UNGUARDED_AVAILABILITY = YES_AGGRESSIVE;
				CLANG_WARN_UNREACHABLE_CODE = YES;
				CLANG_WARN__DUPLICATE_METHOD_MATCH = YES;
				CODE_SIGN_IDENTITY = "iPhone Developer";
				COPY_PHASE_STRIP = NO;
				DEBUG_INFORMATION_FORMAT = dwarf;
				ENABLE_STRICT_OBJC_MSGSEND = YES;
				ENABLE_TESTABILITY = YES;
				GCC_C_LANGUAGE_STANDARD = gnu11;
				GCC_DYNAMIC_NO_PIC = NO;
				GCC_NO_COMMON_BLOCKS = YES;
				GCC_OPTIMIZATION_LEVEL = 0;
				GCC_PREPROCESSOR_DEFINITIONS = (
					"DEBUG=1",
					"$(inherited)",
				);
				GCC_WARN_64_TO_32_BIT_CONVERSION = YES;
				GCC_WARN_ABOUT_RETURN_TYPE = YES_ERROR;
				GCC_WARN_UNDECLARED_SELECTOR = YES;
				GCC_WARN_UNINITIALIZED_AUTOS = YES_AGGRESSIVE;
				GCC_WARN_UNUSED_FUNCTION = YES;
				GCC_WARN_UNUSED_VARIABLE = YES;
				IPHONEOS_DEPLOYMENT_TARGET = 11.2;
				MTL_ENABLE_DEBUG_INFO = YES;
				ONLY_ACTIVE_ARCH = YES;
				SDKROOT = iphoneos;
				SWIFT_ACTIVE_COMPILATION_CONDITIONS = DEBUG;
				SWIFT_OPTIMIZATION_LEVEL = "-Onone";
			};
			name = Debug;
		};
		8CE513742011B97200222FF8 /* Release */ = {
			isa = XCBuildConfiguration;
			buildSettings = {
				ALWAYS_SEARCH_USER_PATHS = NO;
				CLANG_ANALYZER_NONNULL = YES;
				CLANG_ANALYZER_NUMBER_OBJECT_CONVERSION = YES_AGGRESSIVE;
				CLANG_CXX_LANGUAGE_STANDARD = "gnu++14";
				CLANG_CXX_LIBRARY = "libc++";
				CLANG_ENABLE_MODULES = YES;
				CLANG_ENABLE_OBJC_ARC = YES;
				CLANG_WARN_BLOCK_CAPTURE_AUTORELEASING = YES;
				CLANG_WARN_BOOL_CONVERSION = YES;
				CLANG_WARN_COMMA = YES;
				CLANG_WARN_CONSTANT_CONVERSION = YES;
				CLANG_WARN_DIRECT_OBJC_ISA_USAGE = YES_ERROR;
				CLANG_WARN_DOCUMENTATION_COMMENTS = YES;
				CLANG_WARN_EMPTY_BODY = YES;
				CLANG_WARN_ENUM_CONVERSION = YES;
				CLANG_WARN_INFINITE_RECURSION = YES;
				CLANG_WARN_INT_CONVERSION = YES;
				CLANG_WARN_NON_LITERAL_NULL_CONVERSION = YES;
				CLANG_WARN_OBJC_LITERAL_CONVERSION = YES;
				CLANG_WARN_OBJC_ROOT_CLASS = YES_ERROR;
				CLANG_WARN_RANGE_LOOP_ANALYSIS = YES;
				CLANG_WARN_STRICT_PROTOTYPES = YES;
				CLANG_WARN_SUSPICIOUS_MOVE = YES;
				CLANG_WARN_UNGUARDED_AVAILABILITY = YES_AGGRESSIVE;
				CLANG_WARN_UNREACHABLE_CODE = YES;
				CLANG_WARN__DUPLICATE_METHOD_MATCH = YES;
				CODE_SIGN_IDENTITY = "iPhone Developer";
				COPY_PHASE_STRIP = NO;
				DEBUG_INFORMATION_FORMAT = "dwarf-with-dsym";
				ENABLE_NS_ASSERTIONS = NO;
				ENABLE_STRICT_OBJC_MSGSEND = YES;
				GCC_C_LANGUAGE_STANDARD = gnu11;
				GCC_NO_COMMON_BLOCKS = YES;
				GCC_WARN_64_TO_32_BIT_CONVERSION = YES;
				GCC_WARN_ABOUT_RETURN_TYPE = YES_ERROR;
				GCC_WARN_UNDECLARED_SELECTOR = YES;
				GCC_WARN_UNINITIALIZED_AUTOS = YES_AGGRESSIVE;
				GCC_WARN_UNUSED_FUNCTION = YES;
				GCC_WARN_UNUSED_VARIABLE = YES;
				IPHONEOS_DEPLOYMENT_TARGET = 11.2;
				MTL_ENABLE_DEBUG_INFO = NO;
				SDKROOT = iphoneos;
				SWIFT_OPTIMIZATION_LEVEL = "-Owholemodule";
				VALIDATE_PRODUCT = YES;
			};
			name = Release;
		};
		8CE513762011B97300222FF8 /* Debug */ = {
			isa = XCBuildConfiguration;
			baseConfigurationReference = 8C6EE19AC399731DA492CBA2 /* Pods-socialNetwork.debug.xcconfig */;
			buildSettings = {
				ASSETCATALOG_COMPILER_APPICON_NAME = AppIcon;
				CODE_SIGN_STYLE = Automatic;
				DEVELOPMENT_TEAM = LBAZUH8Y3U;
				FRAMEWORK_SEARCH_PATHS = (
					"$(inherited)",
					"$(PROJECT_DIR)",
				);
				INFOPLIST_FILE = socialNetwork/Info.plist;
				LD_RUNPATH_SEARCH_PATHS = "$(inherited) @executable_path/Frameworks";
				PRODUCT_BUNDLE_IDENTIFIER = donnasamuel.socialNetwork;
				PRODUCT_NAME = "$(TARGET_NAME)";
				SWIFT_VERSION = 4.0;
				TARGETED_DEVICE_FAMILY = "1,2";
			};
			name = Debug;
		};
		8CE513772011B97300222FF8 /* Release */ = {
			isa = XCBuildConfiguration;
			baseConfigurationReference = 96FADEE31601AF0CAE1DF909 /* Pods-socialNetwork.release.xcconfig */;
			buildSettings = {
				ASSETCATALOG_COMPILER_APPICON_NAME = AppIcon;
				CODE_SIGN_STYLE = Automatic;
				DEVELOPMENT_TEAM = LBAZUH8Y3U;
				FRAMEWORK_SEARCH_PATHS = (
					"$(inherited)",
					"$(PROJECT_DIR)",
				);
				INFOPLIST_FILE = socialNetwork/Info.plist;
				LD_RUNPATH_SEARCH_PATHS = "$(inherited) @executable_path/Frameworks";
				PRODUCT_BUNDLE_IDENTIFIER = donnasamuel.socialNetwork;
				PRODUCT_NAME = "$(TARGET_NAME)";
				SWIFT_VERSION = 4.0;
				TARGETED_DEVICE_FAMILY = "1,2";
			};
			name = Release;
		};
/* End XCBuildConfiguration section */

/* Begin XCConfigurationList section */
		8CE5135E2011B97200222FF8 /* Build configuration list for PBXProject "socialNetwork" */ = {
			isa = XCConfigurationList;
			buildConfigurations = (
				8CE513732011B97200222FF8 /* Debug */,
				8CE513742011B97200222FF8 /* Release */,
			);
			defaultConfigurationIsVisible = 0;
			defaultConfigurationName = Release;
		};
		8CE513752011B97300222FF8 /* Build configuration list for PBXNativeTarget "socialNetwork" */ = {
			isa = XCConfigurationList;
			buildConfigurations = (
				8CE513762011B97300222FF8 /* Debug */,
				8CE513772011B97300222FF8 /* Release */,
			);
			defaultConfigurationIsVisible = 0;
			defaultConfigurationName = Release;
		};
/* End XCConfigurationList section */
	};
	rootObject = 8CE5135B2011B97200222FF8 /* Project object */;
}
